{
  "version": 4,
  "terraform_version": "0.13.7",
  "serial": 1,
  "lineage": "8a5dbbcd-5365-4937-4701-70c28c6cb4f7",
  "outputs": {},
  "resources": [
    {
      "mode": "managed",
      "type": "local_file",
      "name": "foo",
      "provider": "provider[\"registry.terraform.io/hashicorp/local\"]",
      "instances": [
        {
          "schema_version": 0,
          "attributes": {
            "content": "Hello world !!",
            "content_base64": null,
            "directory_permission": "0777",
            "file_permission": "0777",
            "filename": "/tmp/index.html",
            "id": "7c58c6d276ec49fbcaf412c8b44dbd413dcbc4fc",
            "sensitive_content": null,
            "source": null
          },
          "private": "bnVsbA=="
        }
      ]
    }
  ]
}
